Microsoft Visual Studio Solution File, Format Version 12.00
# Visual Studio Version 17
VisualStudioVersion = 17.8.0.0
MinimumVisualStudioVersion = 10.0.40219.1
Project("{D954291E-2A0B-460D-934E-DC6B0785DB48}") = "SpaceImpact.Shared", "SpaceImpact.Shared\SpaceImpact.Shared.shproj", "{3C7D5E99-4A7E-4A66-BA7C-333333333333}"
EndProject
Project("{9A19103F-16F7-4668-BE54-9A1E7A4F7556}") = "SpaceImpact.Desktop", "SpaceImpact.Desktop\SpaceImpact.Desktop.csproj", "{1A5B3C77-2E5C-4E44-9F5A-111111111111}"
EndProject
Project("{9A19103F-16F7-4668-BE54-9A1E7A4F7556}") = "SpaceImpact.Android", "SpaceImpact.Android\SpaceImpact.Android.csproj", "{2B6C4D88-3F6D-4F55-AF6B-222222222222}"
EndProject
Global
	GlobalSection(SharedMSBuildProjectFiles) = preSolution
		SpaceImpact.Shared\SpaceImpact.Shared.projitems*{1a5b3c77-2e5c-4e44-9f5a-111111111111}*SharedItemsImports = 5
		SpaceImpact.Shared\SpaceImpact.Shared.projitems*{2b6c4d88-3f6d-4f55-af6b-222222222222}*SharedItemsImports = 5
		SpaceImpact.Shared\SpaceImpact.Shared.projitems*{3c7d5e99-4a7e-4a66-ba7c-333333333333}*SharedItemsImports = 13
	EndGlobalSection
	GlobalSection(SolutionConfigurationPlatforms) = preSolution
		Debug|Any CPU = Debug|Any CPU
		Release|Any CPU = Release|Any CPU
	EndGlobalSection
	GlobalSection(ProjectConfigurationPlatforms) = postSolution
		{1A5B3C77-2E5C-4E44-9F5A-111111111111}.Debug|Any CPU.ActiveCfg = Debug|Any CPU
		{1A5B3C77-2E5C-4E44-9F5A-111111111111}.Debug|Any CPU.Build.0 = Debug|Any CPU
		{1A5B3C77-2E5C-4E44-9F5A-111111111111}.Release|Any CPU.ActiveCfg = Release|Any CPU
		{1A5B3C77-2E5C-4E44-9F5A-111111111111}.Release|Any CPU.Build.0 = Release|Any CPU
		{2B6C4D88-3F6D-4F55-AF6B-222222222222}.Debug|Any CPU.ActiveCfg = Debug|Any CPU
		{2B6C4D88-3F6D-4F55-AF6B-222222222222}.Debug|Any CPU.Build.0 = Debug|Any CPU
		{2B6C4D88-3F6D-4F55-AF6B-222222222222}.Release|Any CPU.ActiveCfg = Release|Any CPU
		{2B6C4D88-3F6D-4F55-AF6B-222222222222}.Release|Any CPU.Build.0 = Release|Any CPU
	EndGlobalSection
	GlobalSection(SolutionProperties) = preSolution
		HideSolutionNode = FALSE
	EndGlobalSection
EndGlobal
